
Microsoft Visual Studio Solution File, Format Version 12.00
# Visual Studio Version 17
VisualStudioVersion = 17.4.33205.214
MinimumVisualStudioVersion = 10.0.40219.1
Project("{FAE04EC0-301F-11D3-BF4B-00C04F79EFBC}") = "makina", "makina.csproj", "{63ECEB6E-89B2-48ED-A145-66937A6FA9CB}"
EndProject
Project("{FAE04EC0-301F-11D3-BF4B-00C04F79EFBC}") = "makina.core", "..\makina.core\makina.core.csproj", "{FBD8C279-0445-4990-A9F6-51EE647C996E}"
EndProject
Global
	GlobalSection(SolutionConfigurationPlatforms) = preSolution
		Debug|Any CPU = Debug|Any CPU
		Release|Any CPU = Release|Any CPU
	EndGlobalSection
	GlobalSection(ProjectConfigurationPlatforms) = postSolution
		{63ECEB6E-89B2-48ED-A145-66937A6FA9CB}.Debug|Any CPU.ActiveCfg = Debug|Any CPU
		{63ECEB6E-89B2-48ED-A145-66937A6FA9CB}.Debug|Any CPU.Build.0 = Debug|Any CPU
		{63ECEB6E-89B2-48ED-A145-66937A6FA9CB}.Release|Any CPU.ActiveCfg = Release|Any CPU
		{63ECEB6E-89B2-48ED-A145-66937A6FA9CB}.Release|Any CPU.Build.0 = Release|Any CPU
		{FBD8C279-0445-4990-A9F6-51EE647C996E}.Debug|Any CPU.ActiveCfg = Debug|Any CPU
		{FBD8C279-0445-4990-A9F6-51EE647C996E}.Debug|Any CPU.Build.0 = Debug|Any CPU
		{FBD8C279-0445-4990-A9F6-51EE647C996E}.Release|Any CPU.ActiveCfg = Release|Any CPU
		{FBD8C279-0445-4990-A9F6-51EE647C996E}.Release|Any CPU.Build.0 = Release|Any CPU
	EndGlobalSection
	GlobalSection(SolutionProperties) = preSolution
		HideSolutionNode = FALSE
	EndGlobalSection
	GlobalSection(ExtensibilityGlobals) = postSolution
		SolutionGuid = {9C8DE83A-A0F3-4DF2-B411-72C5F7AB8583}
	EndGlobalSection
EndGlobal
